// !$*UTF8*$!
{
	archiveVersion = 1;
	classes = {
	};
	objectVersion = 51;
	objects = {

/* Begin PBXBuildFile section */
		5BFA7C820CD50102793D1C7F /* Pods_Tsutan.framework in Frameworks */ = {isa = PBXBuildFile; fileRef = EC28D9C4DD9ACC649D504BF4 /* Pods_Tsutan.framework */; };
		C00AB999253F0FCF00F3AE0D /* BookViewController.swift in Sources */ = {isa = PBXBuildFile; fileRef = C00AB998253F0FCF00F3AE0D /* BookViewController.swift */; };
		C04000CE2577F5C50036D7BB /* GoogleService-Info.plist in Resources */ = {isa = PBXBuildFile; fileRef = C04000CD2577F5C50036D7BB /* GoogleService-Info.plist */; };
		C0DCEE5E253F4A9E00EA9905 /* EditViewController.swift in Sources */ = {isa = PBXBuildFile; fileRef = C0DCEE5D253F4A9E00EA9905 /* EditViewController.swift */; };
		C0F850AE253757D700DA21AF /* AppDelegate.swift in Sources */ = {isa = PBXBuildFile; fileRef = C0F850AD253757D700DA21AF /* AppDelegate.swift */; };
		C0F850B0253757D700DA21AF /* SceneDelegate.swift in Sources */ = {isa = PBXBuildFile; fileRef = C0F850AF253757D700DA21AF /* SceneDelegate.swift */; };
		C0F850B2253757D700DA21AF /* HomeViewController.swift in Sources */ = {isa = PBXBuildFile; fileRef = C0F850B1253757D700DA21AF /* HomeViewController.swift */; };
		C0F850B5253757D700DA21AF /* Main.storyboard in Resources */ = {isa = PBXBuildFile; fileRef = C0F850B3253757D700DA21AF /* Main.storyboard */; };
		C0F850B7253757DB00DA21AF /* Assets.xcassets in Resources */ = {isa = PBXBuildFile; fileRef = C0F850B6253757DB00DA21AF /* Assets.xcassets */; };
		C0F850BA253757DB00DA21AF /* LaunchScreen.storyboard in Resources */ = {isa = PBXBuildFile; fileRef = C0F850B8253757DB00DA21AF /* LaunchScreen.storyboard */; };
		C0F850CE2538080A00DA21AF /* UIColor.swift in Sources */ = {isa = PBXBuildFile; fileRef = C0F850CD2538080A00DA21AF /* UIColor.swift */; };
/* End PBXBuildFile section */

/* Begin PBXFileReference section */
		41D868AF6CE7D83B86CBF930 /* Pods-Tsutan.debug.xcconfig */ = {isa = PBXFileReference; includeInIndex = 1; lastKnownFileType = text.xcconfig; name = "Pods-Tsutan.debug.xcconfig"; path = "Target Support Files/Pods-Tsutan/Pods-Tsutan.debug.xcconfig"; sourceTree = "<group>"; };
		C00AB998253F0FCF00F3AE0D /* BookViewController.swift */ = {isa = PBXFileReference; lastKnownFileType = sourcecode.swift; path = BookViewController.swift; sourceTree = "<group>"; };
		C04000CD2577F5C50036D7BB /* GoogleService-Info.plist */ = {isa = PBXFileReference; fileEncoding = 4; lastKnownFileType = text.plist.xml; path = "GoogleService-Info.plist"; sourceTree = "<group>"; };
		C040010025791F2A0036D7BB /* Tsutan.entitlements */ = {isa = PBXFileReference; lastKnownFileType = text.plist.entitlements; path = Tsutan.entitlements; sourceTree = "<group>"; };
		C0DCEE5D253F4A9E00EA9905 /* EditViewController.swift */ = {isa = PBXFileReference; lastKnownFileType = sourcecode.swift; path = EditViewController.swift; sourceTree = "<group>"; };
		C0F850AA253757D700DA21AF /* Tsutan.app */ = {isa = PBXFileReference; explicitFileType = wrapper.application; includeInIndex = 0; path = Tsutan.app; sourceTree = BUILT_PRODUCTS_DIR; };
		C0F850AD253757D700DA21AF /* AppDelegate.swift */ = {isa = PBXFileReference; lastKnownFileType = sourcecode.swift; path = AppDelegate.swift; sourceTree = "<group>"; };
		C0F850AF253757D700DA21AF /* SceneDelegate.swift */ = {isa = PBXFileReference; lastKnownFileType = sourcecode.swift; path = SceneDelegate.swift; sourceTree = "<group>"; };
		C0F850B1253757D700DA21AF /* HomeViewController.swift */ = {isa = PBXFileReference; lastKnownFileType = sourcecode.swift; path = HomeViewController.swift; sourceTree = "<group>"; };
		C0F850B4253757D700DA21AF /* Base */ = {isa = PBXFileReference; lastKnownFileType = file.storyboard; name = Base; path = Base.lproj/Main.storyboard; sourceTree = "<group>"; };
		C0F850B6253757DB00DA21AF /* Assets.xcassets */ = {isa = PBXFileReference; lastKnownFileType = folder.assetcatalog; path = Assets.xcassets; sourceTree = "<group>"; };
		C0F850B9253757DB00DA21AF /* Base */ = {isa = PBXFileReference; lastKnownFileType = file.storyboard; name = Base; path = Base.lproj/LaunchScreen.storyboard; sourceTree = "<group>"; };
		C0F850BB253757DB00DA21AF /* Info.plist */ = {isa = PBXFileReference; lastKnownFileType = text.plist.xml; path = Info.plist; sourceTree = "<group>"; };
		C0F850CD2538080A00DA21AF /* UIColor.swift */ = {isa = PBXFileReference; lastKnownFileType = sourcecode.swift; path = UIColor.swift; sourceTree = "<group>"; };
		D70C2A2A40E73E4A8D0F55A3 /* Pods-Tsutan.release.xcconfig */ = {isa = PBXFileReference; includeInIndex = 1; lastKnownFileType = text.xcconfig; name = "Pods-Tsutan.release.xcconfig"; path = "Target Support Files/Pods-Tsutan/Pods-Tsutan.release.xcconfig"; sourceTree = "<group>"; };
		EC28D9C4DD9ACC649D504BF4 /* Pods_Tsutan.framework */ = {isa = PBXFileReference; explicitFileType = wrapper.framework; includeInIndex = 0; path = Pods_Tsutan.framework; sourceTree = BUILT_PRODUCTS_DIR; };
/* End PBXFileReference section */

/* Begin PBXFrameworksBuildPhase section */
		C0F850A7253757D700DA21AF /* Frameworks */ = {
			isa = PBXFrameworksBuildPhase;
			buildActionMask = 2147483647;
			files = (
				5BFA7C820CD50102793D1C7F /* Pods_Tsutan.framework in Frameworks */,
			);
			runOnlyForDeploymentPostprocessing = 0;
		};
/* End PBXFrameworksBuildPhase section */

/* Begin PBXGroup section */
		C00AB995253EFEF600F3AE0D /* ViewController */ = {
			isa = PBXGroup;
			children = (
				C0F850B1253757D700DA21AF /* HomeViewController.swift */,
				C00AB998253F0FCF00F3AE0D /* BookViewController.swift */,
				C0DCEE5D253F4A9E00EA9905 /* EditViewController.swift */,
			);
			path = ViewController;
			sourceTree = "<group>";
		};
		C00AB996253EFF0100F3AE0D /* Storyboard */ = {
			isa = PBXGroup;
			children = (
				C0F850B3253757D700DA21AF /* Main.storyboard */,
			);
			path = Storyboard;
			sourceTree = "<group>";
		};
		C0F850A1253757D700DA21AF = {
			isa = PBXGroup;
			children = (
				C040010025791F2A0036D7BB /* Tsutan.entitlements */,
				C0F850AC253757D700DA21AF /* Notish */,
				C0F850AB253757D700DA21AF /* Products */,
				FE9BE8E7D200F2C5AEFD34CD /* Pods */,
				DDC40061B387D7E8D6AF78A4 /* Frameworks */,
			);
			sourceTree = "<group>";
		};
		C0F850AB253757D700DA21AF /* Products */ = {
			isa = PBXGroup;
			children = (
				C0F850AA253757D700DA21AF /* Tsutan.app */,
			);
			name = Products;
			sourceTree = "<group>";
		};
		C0F850AC253757D700DA21AF /* Notish */ = {
			isa = PBXGroup;
			children = (
				C0F850AD253757D700DA21AF /* AppDelegate.swift */,
				C0F850AF253757D700DA21AF /* SceneDelegate.swift */,
				C0F850CC253807EF00DA21AF /* Extension */,
				C00AB995253EFEF600F3AE0D /* ViewController */,
				C00AB996253EFF0100F3AE0D /* Storyboard */,
				C0F850B6253757DB00DA21AF /* Assets.xcassets */,
				C0F850B8253757DB00DA21AF /* LaunchScreen.storyboard */,
				C0F850BB253757DB00DA21AF /* Info.plist */,
				C04000CD2577F5C50036D7BB /* GoogleService-Info.plist */,
			);
			path = Notish;
			sourceTree = "<group>";
		};
		C0F850CC253807EF00DA21AF /* Extension */ = {
			isa = PBXGroup;
			children = (
				C0F850CD2538080A00DA21AF /* UIColor.swift */,
			);
			path = Extension;
			sourceTree = "<group>";
		};
		DDC40061B387D7E8D6AF78A4 /* Frameworks */ = {
			isa = PBXGroup;
			children = (
				EC28D9C4DD9ACC649D504BF4 /* Pods_Tsutan.framework */,
			);
			name = Frameworks;
			sourceTree = "<group>";
		};
		FE9BE8E7D200F2C5AEFD34CD /* Pods */ = {
			isa = PBXGroup;
			children = (
				41D868AF6CE7D83B86CBF930 /* Pods-Tsutan.debug.xcconfig */,
				D70C2A2A40E73E4A8D0F55A3 /* Pods-Tsutan.release.xcconfig */,
			);
			path = Pods;
			sourceTree = "<group>";
		};
/* End PBXGroup section */

/* Begin PBXNativeTarget section */
		C0F850A9253757D700DA21AF /* Tsutan */ = {
			isa = PBXNativeTarget;
			buildConfigurationList = C0F850BE253757DB00DA21AF /* Build configuration list for PBXNativeTarget "Tsutan" */;
			buildPhases = (
				BD7E21353FEF74E3BED732D5 /* [CP] Check Pods Manifest.lock */,
				BB7782EBC70747895B31582B /* [CP] Prepare Artifacts */,
				C0F850A6253757D700DA21AF /* Sources */,
				C0F850A7253757D700DA21AF /* Frameworks */,
				C0F850A8253757D700DA21AF /* Resources */,
				059EF8B657AFEFDF0D19F3FD /* [CP] Embed Pods Frameworks */,
				E8E45F6FD5C3A0E5496A989A /* [CP] Copy Pods Resources */,
			);
			buildRules = (
			);
			dependencies = (
			);
			name = Tsutan;
			productName = Notish;
			productReference = C0F850AA253757D700DA21AF /* Tsutan.app */;
			productType = "com.apple.product-type.application";
		};
/* End PBXNativeTarget section */

/* Begin PBXProject section */
		C0F850A2253757D700DA21AF /* Project object */ = {
			isa = PBXProject;
			attributes = {
				LastSwiftUpdateCheck = 1200;
				LastUpgradeCheck = 1200;
				TargetAttributes = {
					C0F850A9253757D700DA21AF = {
						CreatedOnToolsVersion = 12.0;
					};
				};
			};
			buildConfigurationList = C0F850A5253757D700DA21AF /* Build configuration list for PBXProject "Tsutan" */;
			compatibilityVersion = "Xcode 9.3";
			developmentRegion = en;
			hasScannedForEncodings = 0;
			knownRegions = (
				en,
				Base,
			);
			mainGroup = C0F850A1253757D700DA21AF;
			productRefGroup = C0F850AB253757D700DA21AF /* Products */;
			projectDirPath = "";
			projectRoot = "";
			targets = (
				C0F850A9253757D700DA21AF /* Tsutan */,
			);
		};
/* End PBXProject section */

/* Begin PBXResourcesBuildPhase section */
		C0F850A8253757D700DA21AF /* Resources */ = {
			isa = PBXResourcesBuildPhase;
			buildActionMask = 2147483647;
			files = (
				C0F850BA253757DB00DA21AF /* LaunchScreen.storyboard in Resources */,
				C04000CE2577F5C50036D7BB /* GoogleService-Info.plist in Resources */,
				C0F850B7253757DB00DA21AF /* Assets.xcassets in Resources */,
				C0F850B5253757D700DA21AF /* Main.storyboard in Resources */,
			);
			runOnlyForDeploymentPostprocessing = 0;
		};
/* End PBXResourcesBuildPhase section */

/* Begin PBXShellScriptBuildPhase section */
		059EF8B657AFEFDF0D19F3FD /* [CP] Embed Pods Frameworks */ = {
			isa = PBXShellScriptBuildPhase;
			buildActionMask = 2147483647;
			files = (
			);
			inputFileListPaths = (
				"${PODS_ROOT}/Target Support Files/Pods-Tsutan/Pods-Tsutan-frameworks-${CONFIGURATION}-input-files.xcfilelist",
			);
			name = "[CP] Embed Pods Frameworks";
			outputFileListPaths = (
				"${PODS_ROOT}/Target Support Files/Pods-Tsutan/Pods-Tsutan-frameworks-${CONFIGURATION}-output-files.xcfilelist",
			);
			runOnlyForDeploymentPostprocessing = 0;
			shellPath = /bin/sh;
			shellScript = "\"${PODS_ROOT}/Target Support Files/Pods-Tsutan/Pods-Tsutan-frameworks.sh\"\n";
			showEnvVarsInLog = 0;
		};
		BB7782EBC70747895B31582B /* [CP] Prepare Artifacts */ = {
			isa = PBXShellScriptBuildPhase;
			buildActionMask = 2147483647;
			files = (
			);
			inputFileListPaths = (
				"${PODS_ROOT}/Target Support Files/Pods-Tsutan/Pods-Tsutan-artifacts-${CONFIGURATION}-input-files.xcfilelist",
			);
			name = "[CP] Prepare Artifacts";
			outputFileListPaths = (
				"${PODS_ROOT}/Target Support Files/Pods-Tsutan/Pods-Tsutan-artifacts-${CONFIGURATION}-output-files.xcfilelist",
			);
			runOnlyForDeploymentPostprocessing = 0;
			shellPath = /bin/sh;
			shellScript = "\"${PODS_ROOT}/Target Support Files/Pods-Tsutan/Pods-Tsutan-artifacts.sh\"\n";
			showEnvVarsInLog = 0;
		};
		BD7E21353FEF74E3BED732D5 /* [CP] Check Pods Manifest.lock */ = {
			isa = PBXShellScriptBuildPhase;
			buildActionMask = 2147483647;
			files = (
			);
			inputFileListPaths = (
			);
			inputPaths = (
				"${PODS_PODFILE_DIR_PATH}/Podfile.lock",
				"${PODS_ROOT}/Manifest.lock",
			);
			name = "[CP] Check Pods Manifest.lock";
			outputFileListPaths = (
			);
			outputPaths = (
				"$(DERIVED_FILE_DIR)/Pods-Tsutan-checkManifestLockResult.txt",
			);
			runOnlyForDeploymentPostprocessing = 0;
			shellPath = /bin/sh;
			shellScript = "diff \"${PODS_PODFILE_DIR_PATH}/Podfile.lock\" \"${PODS_ROOT}/Manifest.lock\" > /dev/null\nif [ $? != 0 ] ; then\n    # print error to STDERR\n    echo \"error: The sandbox is not in sync with the Podfile.lock. Run 'pod install' or update your CocoaPods installation.\" >&2\n    exit 1\nfi\n# This output is used by Xcode 'outputs' to avoid re-running this script phase.\necho \"SUCCESS\" > \"${SCRIPT_OUTPUT_FILE_0}\"\n";
			showEnvVarsInLog = 0;
		};
		E8E45F6FD5C3A0E5496A989A /* [CP] Copy Pods Resources */ = {
			isa = PBXShellScriptBuildPhase;
			buildActionMask = 2147483647;
			files = (
			);
			inputFileListPaths = (
				"${PODS_ROOT}/Target Support Files/Pods-Tsutan/Pods-Tsutan-resources-${CONFIGURATION}-input-files.xcfilelist",
			);
			name = "[CP] Copy Pods Resources";
			outputFileListPaths = (
				"${PODS_ROOT}/Target Support Files/Pods-Tsutan/Pods-Tsutan-resources-${CONFIGURATION}-output-files.xcfilelist",
			);
			runOnlyForDeploymentPostprocessing = 0;
			shellPath = /bin/sh;
			shellScript = "\"${PODS_ROOT}/Target Support Files/Pods-Tsutan/Pods-Tsutan-resources.sh\"\n";
			showEnvVarsInLog = 0;
		};
/* End PBXShellScriptBuildPhase section */

/* Begin PBXSourcesBuildPhase section */
		C0F850A6253757D700DA21AF /* Sources */ = {
			isa = PBXSourcesBuildPhase;
			buildActionMask = 2147483647;
			files = (
				C0F850B2253757D700DA21AF /* HomeViewController.swift in Sources */,
				C0F850CE2538080A00DA21AF /* UIColor.swift in Sources */,
				C0DCEE5E253F4A9E00EA9905 /* EditViewController.swift in Sources */,
				C00AB999253F0FCF00F3AE0D /* BookViewController.swift in Sources */,
				C0F850AE253757D700DA21AF /* AppDelegate.swift in Sources */,
				C0F850B0253757D700DA21AF /* SceneDelegate.swift in Sources */,
			);
			runOnlyForDeploymentPostprocessing = 0;
		};
/* End PBXSourcesBuildPhase section */

/* Begin PBXVariantGroup section */
		C0F850B3253757D700DA21AF /* Main.storyboard */ = {
			isa = PBXVariantGroup;
			children = (
				C0F850B4253757D700DA21AF /* Base */,
			);
			name = Main.storyboard;
			sourceTree = "<group>";
		};
		C0F850B8253757DB00DA21AF /* LaunchScreen.storyboard */ = {
			isa = PBXVariantGroup;
			children = (
				C0F850B9253757DB00DA21AF /* Base */,
			);
			name = LaunchScreen.storyboard;
			sourceTree = "<group>";
		};
/* End PBXVariantGroup section */

/* Begin XCBuildConfiguration section */
		C0F850BC253757DB00DA21AF /* Debug */ = {
			isa = XCBuildConfiguration;
			buildSettings = {
				ALWAYS_SEARCH_USER_PATHS = NO;
				CLANG_ANALYZER_LOCALIZABILITY_NONLOCALIZED = YES;
				CLANG_ANALYZER_NONNULL = YES;
				CLANG_ANALYZER_NUMBER_OBJECT_CONVERSION = YES_AGGRESSIVE;
				CLANG_CXX_LANGUAGE_STANDARD = "gnu++14";
				CLANG_CXX_LIBRARY = "libc++";
				CLANG_ENABLE_MODULES = YES;
				CLANG_ENABLE_OBJC_ARC = YES;
				CLANG_ENABLE_OBJC_WEAK = YES;
				CLANG_WARN_BLOCK_CAPTURE_AUTORELEASING = YES;
				CLANG_WARN_BOOL_CONVERSION = YES;
				CLANG_WARN_COMMA = YES;
				CLANG_WARN_CONSTANT_CONVERSION = YES;
				CLANG_WARN_DEPRECATED_OBJC_IMPLEMENTATIONS = YES;
				CLANG_WARN_DIRECT_OBJC_ISA_USAGE = YES_ERROR;
				CLANG_WARN_DOCUMENTATION_COMMENTS = YES;
				CLANG_WARN_EMPTY_BODY = YES;
				CLANG_WARN_ENUM_CONVERSION = YES;
				CLANG_WARN_INFINITE_RECURSION = YES;
				CLANG_WARN_INT_CONVERSION = YES;
				CLANG_WARN_NON_LITERAL_NULL_CONVERSION = YES;
				CLANG_WARN_OBJC_IMPLICIT_RETAIN_SELF = YES;
				CLANG_WARN_OBJC_LITERAL_CONVERSION = YES;
				CLANG_WARN_OBJC_ROOT_CLASS = YES_ERROR;
				CLANG_WARN_QUOTED_INCLUDE_IN_FRAMEWORK_HEADER = YES;
				CLANG_WARN_RANGE_LOOP_ANALYSIS = YES;
				CLANG_WARN_STRICT_PROTOTYPES = YES;
				CLANG_WARN_SUSPICIOUS_MOVE = YES;
				CLANG_WARN_UNGUARDED_AVAILABILITY = YES_AGGRESSIVE;
				CLANG_WARN_UNREACHABLE_CODE = YES;
				CLANG_WARN__DUPLICATE_METHOD_MATCH = YES;
				COPY_PHASE_STRIP = NO;
				DEBUG_INFORMATION_FORMAT = dwarf;
				ENABLE_STRICT_OBJC_MSGSEND = YES;
				ENABLE_TESTABILITY = YES;
				GCC_C_LANGUAGE_STANDARD = gnu11;
				GCC_DYNAMIC_NO_PIC = NO;
				GCC_NO_COMMON_BLOCKS = YES;
				GCC_OPTIMIZATION_LEVEL = 0;
				GCC_PREPROCESSOR_DEFINITIONS = (
					"DEBUG=1",
					"$(inherited)",
				);
				GCC_WARN_64_TO_32_BIT_CONVERSION = YES;
				GCC_WARN_ABOUT_RETURN_TYPE = YES_ERROR;
				GCC_WARN_UNDECLARED_SELECTOR = YES;
				GCC_WARN_UNINITIALIZED_AUTOS = YES_AGGRESSIVE;
				GCC_WARN_UNUSED_FUNCTION = YES;
				GCC_WARN_UNUSED_VARIABLE = YES;
				IPHONEOS_DEPLOYMENT_TARGET = 13.1;
				MTL_ENABLE_DEBUG_INFO = INCLUDE_SOURCE;
				MTL_FAST_MATH = YES;
				ONLY_ACTIVE_ARCH = YES;
				SDKROOT = iphoneos;
				SWIFT_ACTIVE_COMPILATION_CONDITIONS = DEBUG;
				SWIFT_OPTIMIZATION_LEVEL = "-Onone";
			};
			name = Debug;
		};
		C0F850BD253757DB00DA21AF /* Release */ = {
			isa = XCBuildConfiguration;
			buildSettings = {
				ALWAYS_SEARCH_USER_PATHS = NO;
				CLANG_ANALYZER_LOCALIZABILITY_NONLOCALIZED = YES;
				CLANG_ANALYZER_NONNULL = YES;
				CLANG_ANALYZER_NUMBER_OBJECT_CONVERSION = YES_AGGRESSIVE;
				CLANG_CXX_LANGUAGE_STANDARD = "gnu++14";
				CLANG_CXX_LIBRARY = "libc++";
				CLANG_ENABLE_MODULES = YES;
				CLANG_ENABLE_OBJC_ARC = YES;
				CLANG_ENABLE_OBJC_WEAK = YES;
				CLANG_WARN_BLOCK_CAPTURE_AUTORELEASING = YES;
				CLANG_WARN_BOOL_CONVERSION = YES;
				CLANG_WARN_COMMA = YES;
				CLANG_WARN_CONSTANT_CONVERSION = YES;
				CLANG_WARN_DEPRECATED_OBJC_IMPLEMENTATIONS = YES;
				CLANG_WARN_DIRECT_OBJC_ISA_USAGE = YES_ERROR;
				CLANG_WARN_DOCUMENTATION_COMMENTS = YES;
				CLANG_WARN_EMPTY_BODY = YES;
				CLANG_WARN_ENUM_CONVERSION = YES;
				CLANG_WARN_INFINITE_RECURSION = YES;
				CLANG_WARN_INT_CONVERSION = YES;
				CLANG_WARN_NON_LITERAL_NULL_CONVERSION = YES;
				CLANG_WARN_OBJC_IMPLICIT_RETAIN_SELF = YES;
				CLANG_WARN_OBJC_LITERAL_CONVERSION = YES;
				CLANG_WARN_OBJC_ROOT_CLASS = YES_ERROR;
				CLANG_WARN_QUOTED_INCLUDE_IN_FRAMEWORK_HEADER = YES;
				CLANG_WARN_RANGE_LOOP_ANALYSIS = YES;
				CLANG_WARN_STRICT_PROTOTYPES = YES;
				CLANG_WARN_SUSPICIOUS_MOVE = YES;
				CLANG_WARN_UNGUARDED_AVAILABILITY = YES_AGGRESSIVE;
				CLANG_WARN_UNREACHABLE_CODE = YES;
				CLANG_WARN__DUPLICATE_METHOD_MATCH = YES;
				COPY_PHASE_STRIP = NO;
				DEBUG_INFORMATION_FORMAT = "dwarf-with-dsym";
				ENABLE_NS_ASSERTIONS = NO;
				ENABLE_STRICT_OBJC_MSGSEND = YES;
				GCC_C_LANGUAGE_STANDARD = gnu11;
				GCC_NO_COMMON_BLOCKS = YES;
				GCC_WARN_64_TO_32_BIT_CONVERSION = YES;
				GCC_WARN_ABOUT_RETURN_TYPE = YES_ERROR;
				GCC_WARN_UNDECLARED_SELECTOR = YES;
				GCC_WARN_UNINITIALIZED_AUTOS = YES_AGGRESSIVE;
				GCC_WARN_UNUSED_FUNCTION = YES;
				GCC_WARN_UNUSED_VARIABLE = YES;
				IPHONEOS_DEPLOYMENT_TARGET = 13.1;
				MTL_ENABLE_DEBUG_INFO = NO;
				MTL_FAST_MATH = YES;
				SDKROOT = iphoneos;
				SWIFT_COMPILATION_MODE = wholemodule;
				SWIFT_OPTIMIZATION_LEVEL = "-O";
				VALIDATE_PRODUCT = YES;
			};
			name = Release;
		};
		C0F850BF253757DB00DA21AF /* Debug */ = {
			isa = XCBuildConfiguration;
			baseConfigurationReference = 41D868AF6CE7D83B86CBF930 /* Pods-Tsutan.debug.xcconfig */;
			buildSettings = {
				ASSETCATALOG_COMPILER_APPICON_NAME = AppIcon;
				ASSETCATALOG_COMPILER_GLOBAL_ACCENT_COLOR_NAME = AccentColor;
				CODE_SIGN_ENTITLEMENTS = Tsutan.entitlements;
				CODE_SIGN_IDENTITY = "iPhone Distribution";
				CODE_SIGN_STYLE = Manual;
				DEVELOPMENT_TEAM = RW5RYRBW72;
				INFOPLIST_FILE = Notish/Info.plist;
				IPHONEOS_DEPLOYMENT_TARGET = 13.1;
				LD_RUNPATH_SEARCH_PATHS = (
					"$(inherited)",
					"@executable_path/Frameworks",
				);
				MARKETING_VERSION = 1.1;
				PRODUCT_BUNDLE_IDENTIFIER = tmy.jack.Tutan;
				PRODUCT_NAME = "$(TARGET_NAME)";
				PROVISIONING_PROFILE_SPECIFIER = Tutan;
				SWIFT_VERSION = 5.0;
				TARGETED_DEVICE_FAMILY = "1,2";
			};
			name = Debug;
		};
		C0F850C0253757DB00DA21AF /* Release */ = {
			isa = XCBuildConfiguration;
			baseConfigurationReference = D70C2A2A40E73E4A8D0F55A3 /* Pods-Tsutan.release.xcconfig */;
			buildSettings = {
				ASSETCATALOG_COMPILER_APPICON_NAME = AppIcon;
				ASSETCATALOG_COMPILER_GLOBAL_ACCENT_COLOR_NAME = AccentColor;
				CODE_SIGN_ENTITLEMENTS = Tsutan.entitlements;
				CODE_SIGN_IDENTITY = "iPhone Distribution";
				CODE_SIGN_STYLE = Manual;
				DEVELOPMENT_TEAM = RW5RYRBW72;
				INFOPLIST_FILE = Notish/Info.plist;
				IPHONEOS_DEPLOYMENT_TARGET = 13.1;
				LD_RUNPATH_SEARCH_PATHS = (
					"$(inherited)",
					"@executable_path/Frameworks",
				);
				MARKETING_VERSION = 1.1;
				PRODUCT_BUNDLE_IDENTIFIER = tmy.jack.Tutan;
				PRODUCT_NAME = "$(TARGET_NAME)";
				PROVISIONING_PROFILE_SPECIFIER = Tutan;
				SWIFT_VERSION = 5.0;
				TARGETED_DEVICE_FAMILY = "1,2";
			};
			name = Release;
		};
/* End XCBuildConfiguration section */

/* Begin XCConfigurationList section */
		C0F850A5253757D700DA21AF /* Build configuration list for PBXProject "Tsutan" */ = {
			isa = XCConfigurationList;
			buildConfigurations = (
				C0F850BC253757DB00DA21AF /* Debug */,
				C0F850BD253757DB00DA21AF /* Release */,
			);
			defaultConfigurationIsVisible = 0;
			defaultConfigurationName = Release;
		};
		C0F850BE253757DB00DA21AF /* Build configuration list for PBXNativeTarget "Tsutan" */ = {
			isa = XCConfigurationList;
			buildConfigurations = (
				C0F850BF253757DB00DA21AF /* Debug */,
				C0F850C0253757DB00DA21AF /* Release */,
			);
			defaultConfigurationIsVisible = 0;
			defaultConfigurationName = Release;
		};
/* End XCConfigurationList section */
	};
	rootObject = C0F850A2253757D700DA21AF /* Project object */;
}
